lockfileVersion: '6.0'

settings:
  autoInstallPeers: true
  excludeLinksFromLockfile: false

devDependencies:
  '@types/jsonwebtoken':
    specifier: ^9.0.5
    version: 9.0.5

packages:

  /@types/jsonwebtoken@9.0.5:
    resolution: {integrity: sha512-VRLSGzik+Unrup6BsouBeHsf4d1hOEgYWTm/7Nmw1sXoN1+tRly/Gy/po3yeahnP4jfnQWWAhQAqcNfH7ngOkA==}
    dependencies:
      '@types/node': 20.10.5
    dev: true

  /@types/node@20.10.5:
    resolution: {integrity: sha512-nNPsNE65wjMxEKI93yOP+NPGGBJz/PoN3kZsVLee0XMiJolxSekEVD8wRwBUBqkwc7UWop0edW50yrCQW4CyRw==}
    dependencies:
      undici-types: 5.26.5
    dev: true

  /undici-types@5.26.5:
    resolution: {integrity: sha512-JlCMO+ehdEIKqlFxk6IfVoAUVmgz7cU7zD/h9XZ0qzeosSHmUJVOzSQvvYSYWXkFXC+IfLKSIffhv0sVZup6pA==}
    dev: true
